
Microsoft Visual Studio Solution File, Format Version 12.00
# Visual Studio 15
VisualStudioVersion = 15.0.28307.421
MinimumVisualStudioVersion = 10.0.40219.1
Project("{FAE04EC0-301F-11D3-BF4B-00C04F79EFBC}") = "Razor", "Razor\Razor.csproj", "{3DE5C679-ABA8-4D85-A042-48DAF4389EE6}"
EndProject
Global
	GlobalSection(SolutionConfigurationPlatforms) = preSolution
		Debug|Any CPU = Debug|Any CPU
		Release|Any CPU = Release|Any CPU
	EndGlobalSection
	GlobalSection(ProjectConfigurationPlatforms) = postSolution
		{3DE5C679-ABA8-4D85-A042-48DAF4389EE6}.Debug|Any CPU.ActiveCfg = Debug|Any CPU
		{3DE5C679-ABA8-4D85-A042-48DAF4389EE6}.Debug|Any CPU.Build.0 = Debug|Any CPU
		{3DE5C679-ABA8-4D85-A042-48DAF4389EE6}.Release|Any CPU.ActiveCfg = Release|Any CPU
		{3DE5C679-ABA8-4D85-A042-48DAF4389EE6}.Release|Any CPU.Build.0 = Release|Any CPU
	EndGlobalSection
	GlobalSection(SolutionProperties) = preSolution
		HideSolutionNode = FALSE
	EndGlobalSection
	GlobalSection(ExtensibilityGlobals) = postSolution
		SolutionGuid = {237507D3-75F5-4F53-9A27-0F823A38AE54}
	EndGlobalSection
EndGlobal
