
Microsoft Visual Studio Solution File, Format Version 12.00
# Visual Studio 15
VisualStudioVersion = 15.0.28307.421
MinimumVisualStudioVersion = 10.0.40219.1
Project("{FAE04EC0-301F-11D3-BF4B-00C04F79EFBC}") = "LanguageFeatures", "LanguageFeatures\LanguageFeatures.csproj", "{2254B0BD-4CEB-4E95-B4BB-9842512AE53E}"
EndProject
Global
	GlobalSection(SolutionConfigurationPlatforms) = preSolution
		Debug|Any CPU = Debug|Any CPU
		Release|Any CPU = Release|Any CPU
	EndGlobalSection
	GlobalSection(ProjectConfigurationPlatforms) = postSolution
		{2254B0BD-4CEB-4E95-B4BB-9842512AE53E}.Debug|Any CPU.ActiveCfg = Debug|Any CPU
		{2254B0BD-4CEB-4E95-B4BB-9842512AE53E}.Debug|Any CPU.Build.0 = Debug|Any CPU
		{2254B0BD-4CEB-4E95-B4BB-9842512AE53E}.Release|Any CPU.ActiveCfg = Release|Any CPU
		{2254B0BD-4CEB-4E95-B4BB-9842512AE53E}.Release|Any CPU.Build.0 = Release|Any CPU
	EndGlobalSection
	GlobalSection(SolutionProperties) = preSolution
		HideSolutionNode = FALSE
	EndGlobalSection
	GlobalSection(ExtensibilityGlobals) = postSolution
		SolutionGuid = {9E2BD901-AD9C-4505-A9EE-D04028FF7D77}
	EndGlobalSection
EndGlobal
